<?xml version="1.0" encoding="utf-8"?>
<Project ToolsVersion="4.0" xmlns="http://schemas.microsoft.com/developer/msbuild/2003">
  <ItemGroup>
    <Filter Include="Core">
      <UniqueIdentifier>{956ccf4a-d402-40cc-9113-017a83202344}</UniqueIdentifier>
    </Filter>
    <Filter Include="Camera">
      <UniqueIdentifier>{5fa0e70c-6c8d-41b4-9129-12cacd2adc55}</UniqueIdentifier>
    </Filter>
    <Filter Include="Render">
      <UniqueIdentifier>{6f1ad48d-1ec3-49ea-8741-6533b5f7e3c0}</UniqueIdentifier>
    </Filter>
    <Filter Include="Window">
      <UniqueIdentifier>{4FC737F1-C7A5-4376-A066-2A32D752A2FF}</UniqueIdentifier>
      <Extensions>cpp;c;cc;cxx;c++;cppm;ixx;def;odl;idl;hpj;bat;asm;asmx</Extensions>
    </Filter>
    <Filter Include="Shader">
      <UniqueIdentifier>{67DA6AB6-F800-4c08-8B7A-83BB121AAD01}</UniqueIdentifier>
      <Extensions>rc;ico;cur;bmp;dlg;rc2;rct;bin;rgs;gif;jpg;jpeg;jpe;resx;tiff;tif;png;wav;mfcribbon-ms</Extensions>
    </Filter>
  </ItemGroup>
  <ItemGroup>
    <ClInclude Include="Color.h">
      <Filter>Core</Filter>
    </ClInclude>
    <ClInclude Include="FpsCamera.h">
      <Filter>Camera</Filter>
    </ClInclude>
    <ClInclude Include="Camera.h">
      <Filter>Camera</Filter>
    </ClInclude>
    <ClInclude Include="OrbitCamera.h">
      <Filter>Camera</Filter>
    </ClInclude>
    <ClInclude Include="Timer.h">
      <Filter>Core</Filter>
    </ClInclude>
    <ClInclude Include="Win32Window.h">
      <Filter>Window</Filter>
    </ClInclude>
    <ClInclude Include="D3DApp.h">
      <Filter>Core</Filter>
    </ClInclude>
    <ClInclude Include="D3DUtils.h">
      <Filter>Core</Filter>
    </ClInclude>
    <ClInclude Include="directx\d3dx12.h">
      <Filter>Core</Filter>
    </ClInclude>
    <ClInclude Include="MathUtils.h">
      <Filter>Core</Filter>
    </ClInclude>
    <ClInclude Include="Win32InputHandler.h">
      <Filter>Window</Filter>
    </ClInclude>
    <ClInclude Include="CameraInput.h">
      <Filter>Camera</Filter>
    </ClInclude>
    <ClInclude Include="Model.h">
      <Filter>Render</Filter>
    </ClInclude>
    <ClInclude Include="Material.h">
      <Filter>Render</Filter>
    </ClInclude>
    <ClInclude Include="DirectionalLight.h">
      <Filter>Render</Filter>
    </ClInclude>
    <ClInclude Include="Rect.h">
      <Filter>Render</Filter>
    </ClInclude>
    <ClInclude Include="ReflectiveShadowMap.h">
      <Filter>Render</Filter>
    </ClInclude>
    <ClInclude Include="UploadBuffer.h">
      <Filter>Render</Filter>
    </ClInclude>
    <ClInclude Include="ConstantBuffer.h">
      <Filter>Render</Filter>
    </ClInclude>
    <ClInclude Include="DefaultBuffer.h">
      <Filter>Render</Filter>
    </ClInclude>
  </ItemGroup>
  <ItemGroup>
    <ClCompile Include="Color.cpp">
      <Filter>Core</Filter>
    </ClCompile>
    <ClCompile Include="Camera.cpp">
      <Filter>Camera</Filter>
    </ClCompile>
    <ClCompile Include="Win32Window.cpp">
      <Filter>Window</Filter>
    </ClCompile>
    <ClCompile Include="Timer.cpp">
      <Filter>Core</Filter>
    </ClCompile>
    <ClCompile Include="D3DApp.cpp">
      <Filter>Core</Filter>
    </ClCompile>
    <ClCompile Include="Main.cpp">
      <Filter>Core</Filter>
    </ClCompile>
    <ClCompile Include="MathUtils.cpp">
      <Filter>Core</Filter>
    </ClCompile>
    <ClCompile Include="FpsCamera.cpp">
      <Filter>Camera</Filter>
    </ClCompile>
    <ClCompile Include="OrbitCamera.cpp">
      <Filter>Camera</Filter>
    </ClCompile>
    <ClCompile Include="Win32InputHandler.cpp">
      <Filter>Window</Filter>
    </ClCompile>
    <ClCompile Include="CameraInput.cpp">
      <Filter>Camera</Filter>
    </ClCompile>
    <ClCompile Include="Model.cpp">
      <Filter>Render</Filter>
    </ClCompile>
    <ClCompile Include="Material.cpp">
      <Filter>Render</Filter>
    </ClCompile>
    <ClCompile Include="DirectionalLight.cpp">
      <Filter>Render</Filter>
    </ClCompile>
    <ClCompile Include="Rect.cpp">
      <Filter>Render</Filter>
    </ClCompile>
    <ClCompile Include="ReflectiveShadowMap.cpp">
      <Filter>Window</Filter>
    </ClCompile>
  </ItemGroup>
  <ItemGroup>
    <CustomBuild Include="shaders.hlsl">
      <Filter>Shader</Filter>
    </CustomBuild>
  </ItemGroup>
</Project>